
Microsoft Visual Studio Solution File, Format Version 12.00
# Visual Studio Version 16
VisualStudioVersion = 16.0.30330.147
MinimumVisualStudioVersion = 10.0.40219.1
Project("{FAE04EC0-301F-11D3-BF4B-00C04F79EFBC}") = "CineWebApi", "CineWebApi\CineWebApi.csproj", "{2E18B63B-8104-4952-8973-271FCA6A7756}"
EndProject
Global
	GlobalSection(SolutionConfigurationPlatforms) = preSolution
		Debug|Any CPU = Debug|Any CPU
		Release|Any CPU = Release|Any CPU
	EndGlobalSection
	GlobalSection(ProjectConfigurationPlatforms) = postSolution
		{2E18B63B-8104-4952-8973-271FCA6A7756}.Debug|Any CPU.ActiveCfg = Debug|Any CPU
		{2E18B63B-8104-4952-8973-271FCA6A7756}.Debug|Any CPU.Build.0 = Debug|Any CPU
		{2E18B63B-8104-4952-8973-271FCA6A7756}.Release|Any CPU.ActiveCfg = Release|Any CPU
		{2E18B63B-8104-4952-8973-271FCA6A7756}.Release|Any CPU.Build.0 = Release|Any CPU
	EndGlobalSection
	GlobalSection(SolutionProperties) = preSolution
		HideSolutionNode = FALSE
	EndGlobalSection
	GlobalSection(ExtensibilityGlobals) = postSolution
		SolutionGuid = {B6613514-E4A3-4AAB-937A-346DEB19906A}
	EndGlobalSection
EndGlobal
